# This file is automatically @generated by Cargo.
# It is not intended for manual editing.
[[package]]
name = "cc"
version = "1.0.71"
source = "registry+https://github.com/rust-lang/crates.io-index"
checksum = "79c2681d6594606957bbb8631c4b90a7fcaaa72cdb714743a437b156d6a7eedd"

[[package]]
name = "dunce"
version = "0.1.1"
source = "registry+https://github.com/rust-lang/crates.io-index"
checksum = "e86b07356baf1cc7058c95807ffba0bebe0c8cadd0df4c40b292c86194eabb37"

[[package]]
name = "libc"
version = "0.2.106"
source = "registry+https://github.com/rust-lang/crates.io-index"
checksum = "a60553f9a9e039a333b4e9b20573b9e9b9c0bb3a11e201ccc48ef4283456d673"

[[package]]
name = "rust-ffi-demo"
version = "0.1.0"
dependencies = [
 "cc",
 "dunce",
 "libc",
]
